
Microsoft Visual Studio Solution File, Format Version 12.00
# Visual Studio Version 16
VisualStudioVersion = 16.0.31410.357
MinimumVisualStudioVersion = 10.0.40219.1
Project("{FAE04EC0-301F-11D3-BF4B-00C04F79EFBC}") = "OrganizaTudoWeb.Android", "OrganizaTudoWeb\OrganizaTudoWeb.Android\OrganizaTudoWeb.Android.csproj", "{1BEF9FA2-6382-4688-9EBB-7F799C092314}"
EndProject
Project("{FAE04EC0-301F-11D3-BF4B-00C04F79EFBC}") = "OrganizaTudoWeb.iOS", "OrganizaTudoWeb\OrganizaTudoWeb.iOS\OrganizaTudoWeb.iOS.csproj", "{8EFE8881-CD66-4BCC-927A-E8F6A483741A}"
EndProject
Project("{FAE04EC0-301F-11D3-BF4B-00C04F79EFBC}") = "OrganizaTudoWeb", "OrganizaTudoWeb\OrganizaTudoWeb\OrganizaTudoWeb.csproj", "{A47DCAD0-1876-4FD7-A5BE-318CE905364B}"
EndProject
Global
	GlobalSection(SolutionConfigurationPlatforms) = preSolution
		Debug|Any CPU = Debug|Any CPU
		Debug|iPhone = Debug|iPhone
		Debug|iPhoneSimulator = Debug|iPhoneSimulator
		Release|Any CPU = Release|Any CPU
		Release|iPhone = Release|iPhone
		Release|iPhoneSimulator = Release|iPhoneSimulator
	EndGlobalSection
	GlobalSection(ProjectConfigurationPlatforms) = postSolution
		{1BEF9FA2-6382-4688-9EBB-7F799C092314}.Debug|Any CPU.ActiveCfg = Debug|Any CPU
		{1BEF9FA2-6382-4688-9EBB-7F799C092314}.Debug|Any CPU.Build.0 = Debug|Any CPU
		{1BEF9FA2-6382-4688-9EBB-7F799C092314}.Debug|Any CPU.Deploy.0 = Debug|Any CPU
		{1BEF9FA2-6382-4688-9EBB-7F799C092314}.Debug|iPhone.ActiveCfg = Debug|Any CPU
		{1BEF9FA2-6382-4688-9EBB-7F799C092314}.Debug|iPhone.Build.0 = Debug|Any CPU
		{1BEF9FA2-6382-4688-9EBB-7F799C092314}.Debug|iPhone.Deploy.0 = Debug|Any CPU
		{1BEF9FA2-6382-4688-9EBB-7F799C092314}.Debug|iPhoneSimulator.ActiveCfg = Debug|Any CPU
		{1BEF9FA2-6382-4688-9EBB-7F799C092314}.Debug|iPhoneSimulator.Build.0 = Debug|Any CPU
		{1BEF9FA2-6382-4688-9EBB-7F799C092314}.Debug|iPhoneSimulator.Deploy.0 = Debug|Any CPU
		{1BEF9FA2-6382-4688-9EBB-7F799C092314}.Release|Any CPU.ActiveCfg = Release|Any CPU
		{1BEF9FA2-6382-4688-9EBB-7F799C092314}.Release|Any CPU.Build.0 = Release|Any CPU
		{1BEF9FA2-6382-4688-9EBB-7F799C092314}.Release|Any CPU.Deploy.0 = Release|Any CPU
		{1BEF9FA2-6382-4688-9EBB-7F799C092314}.Release|iPhone.ActiveCfg = Release|Any CPU
		{1BEF9FA2-6382-4688-9EBB-7F799C092314}.Release|iPhone.Build.0 = Release|Any CPU
		{1BEF9FA2-6382-4688-9EBB-7F799C092314}.Release|iPhone.Deploy.0 = Release|Any CPU
		{1BEF9FA2-6382-4688-9EBB-7F799C092314}.Release|iPhoneSimulator.ActiveCfg = Release|Any CPU
		{1BEF9FA2-6382-4688-9EBB-7F799C092314}.Release|iPhoneSimulator.Build.0 = Release|Any CPU
		{1BEF9FA2-6382-4688-9EBB-7F799C092314}.Release|iPhoneSimulator.Deploy.0 = Release|Any CPU
		{8EFE8881-CD66-4BCC-927A-E8F6A483741A}.Debug|Any CPU.ActiveCfg = Debug|iPhone
		{8EFE8881-CD66-4BCC-927A-E8F6A483741A}.Debug|Any CPU.Build.0 = Debug|iPhone
		{8EFE8881-CD66-4BCC-927A-E8F6A483741A}.Debug|Any CPU.Deploy.0 = Debug|iPhone
		{8EFE8881-CD66-4BCC-927A-E8F6A483741A}.Debug|iPhone.ActiveCfg = Debug|iPhone
		{8EFE8881-CD66-4BCC-927A-E8F6A483741A}.Debug|iPhone.Build.0 = Debug|iPhone
		{8EFE8881-CD66-4BCC-927A-E8F6A483741A}.Debug|iPhone.Deploy.0 = Debug|iPhone
		{8EFE8881-CD66-4BCC-927A-E8F6A483741A}.Debug|iPhoneSimulator.ActiveCfg = Debug|iPhoneSimulator
		{8EFE8881-CD66-4BCC-927A-E8F6A483741A}.Debug|iPhoneSimulator.Build.0 = Debug|iPhoneSimulator
		{8EFE8881-CD66-4BCC-927A-E8F6A483741A}.Debug|iPhoneSimulator.Deploy.0 = Debug|iPhoneSimulator
		{8EFE8881-CD66-4BCC-927A-E8F6A483741A}.Release|Any CPU.ActiveCfg = Release|iPhoneSimulator
		{8EFE8881-CD66-4BCC-927A-E8F6A483741A}.Release|Any CPU.Build.0 = Release|iPhoneSimulator
		{8EFE8881-CD66-4BCC-927A-E8F6A483741A}.Release|Any CPU.Deploy.0 = Release|iPhoneSimulator
		{8EFE8881-CD66-4BCC-927A-E8F6A483741A}.Release|iPhone.ActiveCfg = Release|iPhone
		{8EFE8881-CD66-4BCC-927A-E8F6A483741A}.Release|iPhone.Build.0 = Release|iPhone
		{8EFE8881-CD66-4BCC-927A-E8F6A483741A}.Release|iPhone.Deploy.0 = Release|iPhone
		{8EFE8881-CD66-4BCC-927A-E8F6A483741A}.Release|iPhoneSimulator.ActiveCfg = Release|iPhoneSimulator
		{8EFE8881-CD66-4BCC-927A-E8F6A483741A}.Release|iPhoneSimulator.Build.0 = Release|iPhoneSimulator
		{8EFE8881-CD66-4BCC-927A-E8F6A483741A}.Release|iPhoneSimulator.Deploy.0 = Release|iPhoneSimulator
		{A47DCAD0-1876-4FD7-A5BE-318CE905364B}.Debug|Any CPU.ActiveCfg = Debug|Any CPU
		{A47DCAD0-1876-4FD7-A5BE-318CE905364B}.Debug|Any CPU.Build.0 = Debug|Any CPU
		{A47DCAD0-1876-4FD7-A5BE-318CE905364B}.Debug|Any CPU.Deploy.0 = Debug|Any CPU
		{A47DCAD0-1876-4FD7-A5BE-318CE905364B}.Debug|iPhone.ActiveCfg = Debug|Any CPU
		{A47DCAD0-1876-4FD7-A5BE-318CE905364B}.Debug|iPhone.Build.0 = Debug|Any CPU
		{A47DCAD0-1876-4FD7-A5BE-318CE905364B}.Debug|iPhone.Deploy.0 = Debug|Any CPU
		{A47DCAD0-1876-4FD7-A5BE-318CE905364B}.Debug|iPhoneSimulator.ActiveCfg = Debug|Any CPU
		{A47DCAD0-1876-4FD7-A5BE-318CE905364B}.Debug|iPhoneSimulator.Build.0 = Debug|Any CPU
		{A47DCAD0-1876-4FD7-A5BE-318CE905364B}.Debug|iPhoneSimulator.Deploy.0 = Debug|Any CPU
		{A47DCAD0-1876-4FD7-A5BE-318CE905364B}.Release|Any CPU.ActiveCfg = Release|Any CPU
		{A47DCAD0-1876-4FD7-A5BE-318CE905364B}.Release|Any CPU.Build.0 = Release|Any CPU
		{A47DCAD0-1876-4FD7-A5BE-318CE905364B}.Release|Any CPU.Deploy.0 = Release|Any CPU
		{A47DCAD0-1876-4FD7-A5BE-318CE905364B}.Release|iPhone.ActiveCfg = Release|Any CPU
		{A47DCAD0-1876-4FD7-A5BE-318CE905364B}.Release|iPhone.Build.0 = Release|Any CPU
		{A47DCAD0-1876-4FD7-A5BE-318CE905364B}.Release|iPhone.Deploy.0 = Release|Any CPU
		{A47DCAD0-1876-4FD7-A5BE-318CE905364B}.Release|iPhoneSimulator.ActiveCfg = Release|Any CPU
		{A47DCAD0-1876-4FD7-A5BE-318CE905364B}.Release|iPhoneSimulator.Build.0 = Release|Any CPU
		{A47DCAD0-1876-4FD7-A5BE-318CE905364B}.Release|iPhoneSimulator.Deploy.0 = Release|Any CPU
	EndGlobalSection
	GlobalSection(SolutionProperties) = preSolution
		HideSolutionNode = FALSE
	EndGlobalSection
	GlobalSection(ExtensibilityGlobals) = postSolution
		SolutionGuid = {225EEBD9-73A3-4721-A33F-234AFAB38DDD}
	EndGlobalSection
EndGlobal
